
Microsoft Visual Studio Solution File, Format Version 12.00
# Visual Studio 15
VisualStudioVersion = 15.0.27130.2036
MinimumVisualStudioVersion = 10.0.40219.1
Project("{FAE04EC0-301F-11D3-BF4B-00C04F79EFBC}") = "ShoppingList", "ShoppingList\ShoppingList.csproj", "{77771263-DC20-4C44-9086-9B630E3F2562}"
EndProject
Global
	GlobalSection(SolutionConfigurationPlatforms) = preSolution
		Debug|Any CPU = Debug|Any CPU
		Release|Any CPU = Release|Any CPU
	EndGlobalSection
	GlobalSection(ProjectConfigurationPlatforms) = postSolution
		{77771263-DC20-4C44-9086-9B630E3F2562}.Debug|Any CPU.ActiveCfg = Debug|Any CPU
		{77771263-DC20-4C44-9086-9B630E3F2562}.Debug|Any CPU.Build.0 = Debug|Any CPU
		{77771263-DC20-4C44-9086-9B630E3F2562}.Release|Any CPU.ActiveCfg = Release|Any CPU
		{77771263-DC20-4C44-9086-9B630E3F2562}.Release|Any CPU.Build.0 = Release|Any CPU
	EndGlobalSection
	GlobalSection(SolutionProperties) = preSolution
		HideSolutionNode = FALSE
	EndGlobalSection
	GlobalSection(ExtensibilityGlobals) = postSolution
		SolutionGuid = {E5797539-8A77-4825-A5BB-B132D1D30DE0}
	EndGlobalSection
EndGlobal
